
Microsoft Visual Studio Solution File, Format Version 12.00
# Visual Studio Version 16
VisualStudioVersion = 16.0.29920.165
MinimumVisualStudioVersion = 10.0.40219.1
Project("{9A19103F-16F7-4668-BE54-9A1E7A4F7556}") = "BlazorApp2", "BlazorApp2\BlazorApp2.csproj", "{9250282A-3144-48E0-9EA1-F13A85C71277}"
EndProject
Global
	GlobalSection(SolutionConfigurationPlatforms) = preSolution
		Debug|Any CPU = Debug|Any CPU
		Release|Any CPU = Release|Any CPU
	EndGlobalSection
	GlobalSection(ProjectConfigurationPlatforms) = postSolution
		{9250282A-3144-48E0-9EA1-F13A85C71277}.Debug|Any CPU.ActiveCfg = Debug|Any CPU
		{9250282A-3144-48E0-9EA1-F13A85C71277}.Debug|Any CPU.Build.0 = Debug|Any CPU
		{9250282A-3144-48E0-9EA1-F13A85C71277}.Release|Any CPU.ActiveCfg = Release|Any CPU
		{9250282A-3144-48E0-9EA1-F13A85C71277}.Release|Any CPU.Build.0 = Release|Any CPU
	EndGlobalSection
	GlobalSection(SolutionProperties) = preSolution
		HideSolutionNode = FALSE
	EndGlobalSection
	GlobalSection(ExtensibilityGlobals) = postSolution
		SolutionGuid = {38DB38F5-997A-4E85-82DB-14BFC3B06176}
	EndGlobalSection
EndGlobal
